
Microsoft Visual Studio Solution File, Format Version 12.00
# Visual Studio Version 16
VisualStudioVersion = 16.0.29709.97
MinimumVisualStudioVersion = 10.0.40219.1
Project("{FAE04EC0-301F-11D3-BF4B-00C04F79EFBC}") = "String", "String\String.csproj", "{17434807-849B-49D1-88A5-2407EED6B523}"
EndProject
Global
	GlobalSection(SolutionConfigurationPlatforms) = preSolution
		Debug|Any CPU = Debug|Any CPU
		Release|Any CPU = Release|Any CPU
	EndGlobalSection
	GlobalSection(ProjectConfigurationPlatforms) = postSolution
		{17434807-849B-49D1-88A5-2407EED6B523}.Debug|Any CPU.ActiveCfg = Debug|Any CPU
		{17434807-849B-49D1-88A5-2407EED6B523}.Debug|Any CPU.Build.0 = Debug|Any CPU
		{17434807-849B-49D1-88A5-2407EED6B523}.Release|Any CPU.ActiveCfg = Release|Any CPU
		{17434807-849B-49D1-88A5-2407EED6B523}.Release|Any CPU.Build.0 = Release|Any CPU
	EndGlobalSection
	GlobalSection(SolutionProperties) = preSolution
		HideSolutionNode = FALSE
	EndGlobalSection
	GlobalSection(ExtensibilityGlobals) = postSolution
		SolutionGuid = {E43B10A4-7F03-4A3B-8E41-626E842449C7}
	EndGlobalSection
EndGlobal
