
Microsoft Visual Studio Solution File, Format Version 12.00
# Visual Studio Version 16
VisualStudioVersion = 16.0.29613.14
MinimumVisualStudioVersion = 10.0.40219.1
Project("{FAE04EC0-301F-11D3-BF4B-00C04F79EFBC}") = "DailyPurpose", "DailyPurpose\DailyPurpose.csproj", "{6BB33CFB-EDCA-4A9E-9A54-CE16D56FE2A8}"
EndProject
Global
	GlobalSection(SolutionConfigurationPlatforms) = preSolution
		Debug|Any CPU = Debug|Any CPU
		Release|Any CPU = Release|Any CPU
	EndGlobalSection
	GlobalSection(ProjectConfigurationPlatforms) = postSolution
		{6BB33CFB-EDCA-4A9E-9A54-CE16D56FE2A8}.Debug|Any CPU.ActiveCfg = Debug|Any CPU
		{6BB33CFB-EDCA-4A9E-9A54-CE16D56FE2A8}.Debug|Any CPU.Build.0 = Debug|Any CPU
		{6BB33CFB-EDCA-4A9E-9A54-CE16D56FE2A8}.Release|Any CPU.ActiveCfg = Release|Any CPU
		{6BB33CFB-EDCA-4A9E-9A54-CE16D56FE2A8}.Release|Any CPU.Build.0 = Release|Any CPU
	EndGlobalSection
	GlobalSection(SolutionProperties) = preSolution
		HideSolutionNode = FALSE
	EndGlobalSection
	GlobalSection(ExtensibilityGlobals) = postSolution
		SolutionGuid = {22AF2881-DFC4-4F6A-8730-0A2BB5ADD6B6}
	EndGlobalSection
EndGlobal
